// !$*UTF8*$!
{
	archiveVersion = 1;
	classes = {
	};
	objectVersion = 50;
	objects = {

/* Begin PBXBuildFile section */
		FC9BDF06248D5B4400006B77 /* AppDelegate.swift in Sources */ = {isa = PBXBuildFile; fileRef = FC9BDF05248D5B4400006B77 /* AppDelegate.swift */; };
		FC9BDF08248D5B4400006B77 /* SceneDelegate.swift in Sources */ = {isa = PBXBuildFile; fileRef = FC9BDF07248D5B4400006B77 /* SceneDelegate.swift */; };
		FC9BDF0A248D5B4400006B77 /* ViewController.swift in Sources */ = {isa = PBXBuildFile; fileRef = FC9BDF09248D5B4400006B77 /* ViewController.swift */; };
		FC9BDF0D248D5B4400006B77 /* Main.storyboard in Resources */ = {isa = PBXBuildFile; fileRef = FC9BDF0B248D5B4400006B77 /* Main.storyboard */; };
		FC9BDF0F248D5B4700006B77 /* Assets.xcassets in Resources */ = {isa = PBXBuildFile; fileRef = FC9BDF0E248D5B4700006B77 /* Assets.xcassets */; };
		FC9BDF12248D5B4700006B77 /* LaunchScreen.storyboard in Resources */ = {isa = PBXBuildFile; fileRef = FC9BDF10248D5B4700006B77 /* LaunchScreen.storyboard */; };
		FC9BDF1A248D5B5600006B77 /* Question.swift in Sources */ = {isa = PBXBuildFile; fileRef = FC9BDF19248D5B5600006B77 /* Question.swift */; };
		FC9BDF1C248D5BA200006B77 /* QuizModel.swift in Sources */ = {isa = PBXBuildFile; fileRef = FC9BDF1B248D5BA200006B77 /* QuizModel.swift */; };
		FC9BDF1E248E97E600006B77 /* QuestionData.json in Resources */ = {isa = PBXBuildFile; fileRef = FC9BDF1D248E97E600006B77 /* QuestionData.json */; };
		FC9BDF20248F127700006B77 /* ResultViewController.swift in Sources */ = {isa = PBXBuildFile; fileRef = FC9BDF1F248F127700006B77 /* ResultViewController.swift */; };
		FC9BDF22248FD8B400006B77 /* StateManager.swift in Sources */ = {isa = PBXBuildFile; fileRef = FC9BDF21248FD8B400006B77 /* StateManager.swift */; };
/* End PBXBuildFile section */

/* Begin PBXFileReference section */
		FC9BDF02248D5B4300006B77 /* QuizApp.app */ = {isa = PBXFileReference; explicitFileType = wrapper.application; includeInIndex = 0; path = QuizApp.app; sourceTree = BUILT_PRODUCTS_DIR; };
		FC9BDF05248D5B4400006B77 /* AppDelegate.swift */ = {isa = PBXFileReference; lastKnownFileType = sourcecode.swift; path = AppDelegate.swift; sourceTree = "<group>"; };
		FC9BDF07248D5B4400006B77 /* SceneDelegate.swift */ = {isa = PBXFileReference; lastKnownFileType = sourcecode.swift; path = SceneDelegate.swift; sourceTree = "<group>"; };
		FC9BDF09248D5B4400006B77 /* ViewController.swift */ = {isa = PBXFileReference; lastKnownFileType = sourcecode.swift; path = ViewController.swift; sourceTree = "<group>"; };
		FC9BDF0C248D5B4400006B77 /* Base */ = {isa = PBXFileReference; lastKnownFileType = file.storyboard; name = Base; path = Base.lproj/Main.storyboard; sourceTree = "<group>"; };
		FC9BDF0E248D5B4700006B77 /* Assets.xcassets */ = {isa = PBXFileReference; lastKnownFileType = folder.assetcatalog; path = Assets.xcassets; sourceTree = "<group>"; };
		FC9BDF11248D5B4700006B77 /* Base */ = {isa = PBXFileReference; lastKnownFileType = file.storyboard; name = Base; path = Base.lproj/LaunchScreen.storyboard; sourceTree = "<group>"; };
		FC9BDF13248D5B4700006B77 /* Info.plist */ = {isa = PBXFileReference; lastKnownFileType = text.plist.xml; path = Info.plist; sourceTree = "<group>"; };
		FC9BDF19248D5B5600006B77 /* Question.swift */ = {isa = PBXFileReference; lastKnownFileType = sourcecode.swift; path = Question.swift; sourceTree = "<group>"; };
		FC9BDF1B248D5BA200006B77 /* QuizModel.swift */ = {isa = PBXFileReference; lastKnownFileType = sourcecode.swift; path = QuizModel.swift; sourceTree = "<group>"; };
		FC9BDF1D248E97E600006B77 /* QuestionData.json */ = {isa = PBXFileReference; fileEncoding = 4; lastKnownFileType = text.json; path = QuestionData.json; sourceTree = "<group>"; };
		FC9BDF1F248F127700006B77 /* ResultViewController.swift */ = {isa = PBXFileReference; lastKnownFileType = sourcecode.swift; path = ResultViewController.swift; sourceTree = "<group>"; };
		FC9BDF21248FD8B400006B77 /* StateManager.swift */ = {isa = PBXFileReference; lastKnownFileType = sourcecode.swift; path = StateManager.swift; sourceTree = "<group>"; };
/* End PBXFileReference section */

/* Begin PBXFrameworksBuildPhase section */
		FC9BDEFF248D5B4300006B77 /* Frameworks */ = {
			isa = PBXFrameworksBuildPhase;
			buildActionMask = 2147483647;
			files = (
			);
			runOnlyForDeploymentPostprocessing = 0;
		};
/* End PBXFrameworksBuildPhase section */

/* Begin PBXGroup section */
		FC9BDEF9248D5B4300006B77 = {
			isa = PBXGroup;
			children = (
				FC9BDF04248D5B4300006B77 /* QuizApp */,
				FC9BDF03248D5B4300006B77 /* Products */,
			);
			sourceTree = "<group>";
		};
		FC9BDF03248D5B4300006B77 /* Products */ = {
			isa = PBXGroup;
			children = (
				FC9BDF02248D5B4300006B77 /* QuizApp.app */,
			);
			name = Products;
			sourceTree = "<group>";
		};
		FC9BDF04248D5B4300006B77 /* QuizApp */ = {
			isa = PBXGroup;
			children = (
				FC9BDF05248D5B4400006B77 /* AppDelegate.swift */,
				FC9BDF07248D5B4400006B77 /* SceneDelegate.swift */,
				FC9BDF09248D5B4400006B77 /* ViewController.swift */,
				FC9BDF1F248F127700006B77 /* ResultViewController.swift */,
				FC9BDF19248D5B5600006B77 /* Question.swift */,
				FC9BDF1D248E97E600006B77 /* QuestionData.json */,
				FC9BDF1B248D5BA200006B77 /* QuizModel.swift */,
				FC9BDF21248FD8B400006B77 /* StateManager.swift */,
				FC9BDF0B248D5B4400006B77 /* Main.storyboard */,
				FC9BDF0E248D5B4700006B77 /* Assets.xcassets */,
				FC9BDF10248D5B4700006B77 /* LaunchScreen.storyboard */,
				FC9BDF13248D5B4700006B77 /* Info.plist */,
			);
			path = QuizApp;
			sourceTree = "<group>";
		};
/* End PBXGroup section */

/* Begin PBXNativeTarget section */
		FC9BDF01248D5B4300006B77 /* QuizApp */ = {
			isa = PBXNativeTarget;
			buildConfigurationList = FC9BDF16248D5B4700006B77 /* Build configuration list for PBXNativeTarget "QuizApp" */;
			buildPhases = (
				FC9BDEFE248D5B4300006B77 /* Sources */,
				FC9BDEFF248D5B4300006B77 /* Frameworks */,
				FC9BDF00248D5B4300006B77 /* Resources */,
			);
			buildRules = (
			);
			dependencies = (
			);
			name = QuizApp;
			productName = QuizApp;
			productReference = FC9BDF02248D5B4300006B77 /* QuizApp.app */;
			productType = "com.apple.product-type.application";
		};
/* End PBXNativeTarget section */

/* Begin PBXProject section */
		FC9BDEFA248D5B4300006B77 /* Project object */ = {
			isa = PBXProject;
			attributes = {
				LastSwiftUpdateCheck = 1140;
				LastUpgradeCheck = 1140;
				ORGANIZATIONNAME = "Deepak Yadav";
				TargetAttributes = {
					FC9BDF01248D5B4300006B77 = {
						CreatedOnToolsVersion = 11.4.1;
					};
				};
			};
			buildConfigurationList = FC9BDEFD248D5B4300006B77 /* Build configuration list for PBXProject "QuizApp" */;
			compatibilityVersion = "Xcode 9.3";
			developmentRegion = en;
			hasScannedForEncodings = 0;
			knownRegions = (
				en,
				Base,
			);
			mainGroup = FC9BDEF9248D5B4300006B77;
			productRefGroup = FC9BDF03248D5B4300006B77 /* Products */;
			projectDirPath = "";
			projectRoot = "";
			targets = (
				FC9BDF01248D5B4300006B77 /* QuizApp */,
			);
		};
/* End PBXProject section */

/* Begin PBXResourcesBuildPhase section */
		FC9BDF00248D5B4300006B77 /* Resources */ = {
			isa = PBXResourcesBuildPhase;
			buildActionMask = 2147483647;
			files = (
				FC9BDF12248D5B4700006B77 /* LaunchScreen.storyboard in Resources */,
				FC9BDF0F248D5B4700006B77 /* Assets.xcassets in Resources */,
				FC9BDF0D248D5B4400006B77 /* Main.storyboard in Resources */,
				FC9BDF1E248E97E600006B77 /* QuestionData.json in Resources */,
			);
			runOnlyForDeploymentPostprocessing = 0;
		};
/* End PBXResourcesBuildPhase section */

/* Begin PBXSourcesBuildPhase section */
		FC9BDEFE248D5B4300006B77 /* Sources */ = {
			isa = PBXSourcesBuildPhase;
			buildActionMask = 2147483647;
			files = (
				FC9BDF0A248D5B4400006B77 /* ViewController.swift in Sources */,
				FC9BDF1A248D5B5600006B77 /* Question.swift in Sources */,
				FC9BDF06248D5B4400006B77 /* AppDelegate.swift in Sources */,
				FC9BDF22248FD8B400006B77 /* StateManager.swift in Sources */,
				FC9BDF08248D5B4400006B77 /* SceneDelegate.swift in Sources */,
				FC9BDF1C248D5BA200006B77 /* QuizModel.swift in Sources */,
				FC9BDF20248F127700006B77 /* ResultViewController.swift in Sources */,
			);
			runOnlyForDeploymentPostprocessing = 0;
		};
/* End PBXSourcesBuildPhase section */

/* Begin PBXVariantGroup section */
		FC9BDF0B248D5B4400006B77 /* Main.storyboard */ = {
			isa = PBXVariantGroup;
			children = (
				FC9BDF0C248D5B4400006B77 /* Base */,
			);
			name = Main.storyboard;
			sourceTree = "<group>";
		};
		FC9BDF10248D5B4700006B77 /* LaunchScreen.storyboard */ = {
			isa = PBXVariantGroup;
			children = (
				FC9BDF11248D5B4700006B77 /* Base */,
			);
			name = LaunchScreen.storyboard;
			sourceTree = "<group>";
		};
/* End PBXVariantGroup section */

/* Begin XCBuildConfiguration section */
		FC9BDF14248D5B4700006B77 /* Debug */ = {
			isa = XCBuildConfiguration;
			buildSettings = {
				ALWAYS_SEARCH_USER_PATHS = NO;
				CLANG_ANALYZER_NONNULL = YES;
				CLANG_ANALYZER_NUMBER_OBJECT_CONVERSION = YES_AGGRESSIVE;
				CLANG_CXX_LANGUAGE_STANDARD = "gnu++14";
				CLANG_CXX_LIBRARY = "libc++";
				CLANG_ENABLE_MODULES = YES;
				CLANG_ENABLE_OBJC_ARC = YES;
				CLANG_ENABLE_OBJC_WEAK = YES;
				CLANG_WARN_BLOCK_CAPTURE_AUTORELEASING = YES;
				CLANG_WARN_BOOL_CONVERSION = YES;
				CLANG_WARN_COMMA = YES;
				CLANG_WARN_CONSTANT_CONVERSION = YES;
				CLANG_WARN_DEPRECATED_OBJC_IMPLEMENTATIONS = YES;
				CLANG_WARN_DIRECT_OBJC_ISA_USAGE = YES_ERROR;
				CLANG_WARN_DOCUMENTATION_COMMENTS = YES;
				CLANG_WARN_EMPTY_BODY = YES;
				CLANG_WARN_ENUM_CONVERSION = YES;
				CLANG_WARN_INFINITE_RECURSION = YES;
				CLANG_WARN_INT_CONVERSION = YES;
				CLANG_WARN_NON_LITERAL_NULL_CONVERSION = YES;
				CLANG_WARN_OBJC_IMPLICIT_RETAIN_SELF = YES;
				CLANG_WARN_OBJC_LITERAL_CONVERSION = YES;
				CLANG_WARN_OBJC_ROOT_CLASS = YES_ERROR;
				CLANG_WARN_RANGE_LOOP_ANALYSIS = YES;
				CLANG_WARN_STRICT_PROTOTYPES = YES;
				CLANG_WARN_SUSPICIOUS_MOVE = YES;
				CLANG_WARN_UNGUARDED_AVAILABILITY = YES_AGGRESSIVE;
				CLANG_WARN_UNREACHABLE_CODE = YES;
				CLANG_WARN__DUPLICATE_METHOD_MATCH = YES;
				COPY_PHASE_STRIP = NO;
				DEBUG_INFORMATION_FORMAT = dwarf;
				ENABLE_STRICT_OBJC_MSGSEND = YES;
				ENABLE_TESTABILITY = YES;
				GCC_C_LANGUAGE_STANDARD = gnu11;
				GCC_DYNAMIC_NO_PIC = NO;
				GCC_NO_COMMON_BLOCKS = YES;
				GCC_OPTIMIZATION_LEVEL = 0;
				GCC_PREPROCESSOR_DEFINITIONS = (
					"DEBUG=1",
					"$(inherited)",
				);
				GCC_WARN_64_TO_32_BIT_CONVERSION = YES;
				GCC_WARN_ABOUT_RETURN_TYPE = YES_ERROR;
				GCC_WARN_UNDECLARED_SELECTOR = YES;
				GCC_WARN_UNINITIALIZED_AUTOS = YES_AGGRESSIVE;
				GCC_WARN_UNUSED_FUNCTION = YES;
				GCC_WARN_UNUSED_VARIABLE = YES;
				IPHONEOS_DEPLOYMENT_TARGET = 13.4;
				MTL_ENABLE_DEBUG_INFO = INCLUDE_SOURCE;
				MTL_FAST_MATH = YES;
				ONLY_ACTIVE_ARCH = YES;
				SDKROOT = iphoneos;
				SWIFT_ACTIVE_COMPILATION_CONDITIONS = DEBUG;
				SWIFT_OPTIMIZATION_LEVEL = "-Onone";
			};
			name = Debug;
		};
		FC9BDF15248D5B4700006B77 /* Release */ = {
			isa = XCBuildConfiguration;
			buildSettings = {
				ALWAYS_SEARCH_USER_PATHS = NO;
				CLANG_ANALYZER_NONNULL = YES;
				CLANG_ANALYZER_NUMBER_OBJECT_CONVERSION = YES_AGGRESSIVE;
				CLANG_CXX_LANGUAGE_STANDARD = "gnu++14";
				CLANG_CXX_LIBRARY = "libc++";
				CLANG_ENABLE_MODULES = YES;
				CLANG_ENABLE_OBJC_ARC = YES;
				CLANG_ENABLE_OBJC_WEAK = YES;
				CLANG_WARN_BLOCK_CAPTURE_AUTORELEASING = YES;
				CLANG_WARN_BOOL_CONVERSION = YES;
				CLANG_WARN_COMMA = YES;
				CLANG_WARN_CONSTANT_CONVERSION = YES;
				CLANG_WARN_DEPRECATED_OBJC_IMPLEMENTATIONS = YES;
				CLANG_WARN_DIRECT_OBJC_ISA_USAGE = YES_ERROR;
				CLANG_WARN_DOCUMENTATION_COMMENTS = YES;
				CLANG_WARN_EMPTY_BODY = YES;
				CLANG_WARN_ENUM_CONVERSION = YES;
				CLANG_WARN_INFINITE_RECURSION = YES;
				CLANG_WARN_INT_CONVERSION = YES;
				CLANG_WARN_NON_LITERAL_NULL_CONVERSION = YES;
				CLANG_WARN_OBJC_IMPLICIT_RETAIN_SELF = YES;
				CLANG_WARN_OBJC_LITERAL_CONVERSION = YES;
				CLANG_WARN_OBJC_ROOT_CLASS = YES_ERROR;
				CLANG_WARN_RANGE_LOOP_ANALYSIS = YES;
				CLANG_WARN_STRICT_PROTOTYPES = YES;
				CLANG_WARN_SUSPICIOUS_MOVE = YES;
				CLANG_WARN_UNGUARDED_AVAILABILITY = YES_AGGRESSIVE;
				CLANG_WARN_UNREACHABLE_CODE = YES;
				CLANG_WARN__DUPLICATE_METHOD_MATCH = YES;
				COPY_PHASE_STRIP = NO;
				DEBUG_INFORMATION_FORMAT = "dwarf-with-dsym";
				ENABLE_NS_ASSERTIONS = NO;
				ENABLE_STRICT_OBJC_MSGSEND = YES;
				GCC_C_LANGUAGE_STANDARD = gnu11;
				GCC_NO_COMMON_BLOCKS = YES;
				GCC_WARN_64_TO_32_BIT_CONVERSION = YES;
				GCC_WARN_ABOUT_RETURN_TYPE = YES_ERROR;
				GCC_WARN_UNDECLARED_SELECTOR = YES;
				GCC_WARN_UNINITIALIZED_AUTOS = YES_AGGRESSIVE;
				GCC_WARN_UNUSED_FUNCTION = YES;
				GCC_WARN_UNUSED_VARIABLE = YES;
				IPHONEOS_DEPLOYMENT_TARGET = 13.4;
				MTL_ENABLE_DEBUG_INFO = NO;
				MTL_FAST_MATH = YES;
				SDKROOT = iphoneos;
				SWIFT_COMPILATION_MODE = wholemodule;
				SWIFT_OPTIMIZATION_LEVEL = "-O";
				VALIDATE_PRODUCT = YES;
			};
			name = Release;
		};
		FC9BDF17248D5B4700006B77 /* Debug */ = {
			isa = XCBuildConfiguration;
			buildSettings = {
				ASSETCATALOG_COMPILER_APPICON_NAME = AppIcon;
				CODE_SIGN_STYLE = Automatic;
				DEVELOPMENT_TEAM = W278FD2Y42;
				INFOPLIST_FILE = QuizApp/Info.plist;
				LD_RUNPATH_SEARCH_PATHS = (
					"$(inherited)",
					"@executable_path/Frameworks",
				);
				PRODUCT_BUNDLE_IDENTIFIER = com.dyadav.QuizApp;
				PRODUCT_NAME = "$(TARGET_NAME)";
				SWIFT_VERSION = 5.0;
				TARGETED_DEVICE_FAMILY = "1,2";
			};
			name = Debug;
		};
		FC9BDF18248D5B4700006B77 /* Release */ = {
			isa = XCBuildConfiguration;
			buildSettings = {
				ASSETCATALOG_COMPILER_APPICON_NAME = AppIcon;
				CODE_SIGN_STYLE = Automatic;
				DEVELOPMENT_TEAM = W278FD2Y42;
				INFOPLIST_FILE = QuizApp/Info.plist;
				LD_RUNPATH_SEARCH_PATHS = (
					"$(inherited)",
					"@executable_path/Frameworks",
				);
				PRODUCT_BUNDLE_IDENTIFIER = com.dyadav.QuizApp;
				PRODUCT_NAME = "$(TARGET_NAME)";
				SWIFT_VERSION = 5.0;
				TARGETED_DEVICE_FAMILY = "1,2";
			};
			name = Release;
		};
/* End XCBuildConfiguration section */

/* Begin XCConfigurationList section */
		FC9BDEFD248D5B4300006B77 /* Build configuration list for PBXProject "QuizApp" */ = {
			isa = XCConfigurationList;
			buildConfigurations = (
				FC9BDF14248D5B4700006B77 /* Debug */,
				FC9BDF15248D5B4700006B77 /* Release */,
			);
			defaultConfigurationIsVisible = 0;
			defaultConfigurationName = Release;
		};
		FC9BDF16248D5B4700006B77 /* Build configuration list for PBXNativeTarget "QuizApp" */ = {
			isa = XCConfigurationList;
			buildConfigurations = (
				FC9BDF17248D5B4700006B77 /* Debug */,
				FC9BDF18248D5B4700006B77 /* Release */,
			);
			defaultConfigurationIsVisible = 0;
			defaultConfigurationName = Release;
		};
/* End XCConfigurationList section */
	};
	rootObject = FC9BDEFA248D5B4300006B77 /* Project object */;
}
